// !$*UTF8*$!
{
	archiveVersion = 1;
	classes = {
	};
	objectVersion = 50;
	objects = {

/* Begin PBXBuildFile section */
		1A199DE2249E913F00D56F5C /* TodoCell.swift in Sources */ = {isa = PBXBuildFile; fileRef = 1A199DE1249E913F00D56F5C /* TodoCell.swift */; };
		1A199DE6249EBFB500D56F5C /* TodoData.swift in Sources */ = {isa = PBXBuildFile; fileRef = 1A199DE5249EBFB500D56F5C /* TodoData.swift */; };
		1A339F16249F94EC00E44893 /* Simulator Screen Shot - iPhone 11 Pro Max - 2020-06-21 at 06.18.13.png in Resources */ = {isa = PBXBuildFile; fileRef = 1A339F15249F94EC00E44893 /* Simulator Screen Shot - iPhone 11 Pro Max - 2020-06-21 at 06.18.13.png */; };
		1A402ECE249E88A800968706 /* AppDelegate.swift in Sources */ = {isa = PBXBuildFile; fileRef = 1A402ECD249E88A800968706 /* AppDelegate.swift */; };
		1A402ED0249E88A800968706 /* SceneDelegate.swift in Sources */ = {isa = PBXBuildFile; fileRef = 1A402ECF249E88A800968706 /* SceneDelegate.swift */; };
		1A402ED2249E88A800968706 /* ViewController.swift in Sources */ = {isa = PBXBuildFile; fileRef = 1A402ED1249E88A800968706 /* ViewController.swift */; };
		1A402ED5249E88A800968706 /* Main.storyboard in Resources */ = {isa = PBXBuildFile; fileRef = 1A402ED3249E88A800968706 /* Main.storyboard */; };
		1A402ED8249E88A800968706 /* todo.xcdatamodeld in Sources */ = {isa = PBXBuildFile; fileRef = 1A402ED6249E88A800968706 /* todo.xcdatamodeld */; };
		1A402EDA249E88AA00968706 /* Assets.xcassets in Resources */ = {isa = PBXBuildFile; fileRef = 1A402ED9249E88AA00968706 /* Assets.xcassets */; };
		1A402EDD249E88AA00968706 /* LaunchScreen.storyboard in Resources */ = {isa = PBXBuildFile; fileRef = 1A402EDB249E88AA00968706 /* LaunchScreen.storyboard */; };
		1A402EE5249E8DC100968706 /* TodoList.swift in Sources */ = {isa = PBXBuildFile; fileRef = 1A402EE4249E8DC100968706 /* TodoList.swift */; };
/* End PBXBuildFile section */

/* Begin PBXFileReference section */
		1A199DE1249E913F00D56F5C /* TodoCell.swift */ = {isa = PBXFileReference; lastKnownFileType = sourcecode.swift; path = TodoCell.swift; sourceTree = "<group>"; };
		1A199DE5249EBFB500D56F5C /* TodoData.swift */ = {isa = PBXFileReference; lastKnownFileType = sourcecode.swift; path = TodoData.swift; sourceTree = "<group>"; };
		1A339F15249F94EC00E44893 /* Simulator Screen Shot - iPhone 11 Pro Max - 2020-06-21 at 06.18.13.png */ = {isa = PBXFileReference; lastKnownFileType = image.png; path = "Simulator Screen Shot - iPhone 11 Pro Max - 2020-06-21 at 06.18.13.png"; sourceTree = "<group>"; };
		1A402ECA249E88A800968706 /* todo.app */ = {isa = PBXFileReference; explicitFileType = wrapper.application; includeInIndex = 0; path = todo.app; sourceTree = BUILT_PRODUCTS_DIR; };
		1A402ECD249E88A800968706 /* AppDelegate.swift */ = {isa = PBXFileReference; lastKnownFileType = sourcecode.swift; path = AppDelegate.swift; sourceTree = "<group>"; };
		1A402ECF249E88A800968706 /* SceneDelegate.swift */ = {isa = PBXFileReference; lastKnownFileType = sourcecode.swift; path = SceneDelegate.swift; sourceTree = "<group>"; };
		1A402ED1249E88A800968706 /* ViewController.swift */ = {isa = PBXFileReference; lastKnownFileType = sourcecode.swift; path = ViewController.swift; sourceTree = "<group>"; };
		1A402ED4249E88A800968706 /* Base */ = {isa = PBXFileReference; lastKnownFileType = file.storyboard; name = Base; path = Base.lproj/Main.storyboard; sourceTree = "<group>"; };
		1A402ED7249E88A800968706 /* todo.xcdatamodel */ = {isa = PBXFileReference; lastKnownFileType = wrapper.xcdatamodel; path = todo.xcdatamodel; sourceTree = "<group>"; };
		1A402ED9249E88AA00968706 /* Assets.xcassets */ = {isa = PBXFileReference; lastKnownFileType = folder.assetcatalog; path = Assets.xcassets; sourceTree = "<group>"; };
		1A402EDC249E88AA00968706 /* Base */ = {isa = PBXFileReference; lastKnownFileType = file.storyboard; name = Base; path = Base.lproj/LaunchScreen.storyboard; sourceTree = "<group>"; };
		1A402EDE249E88AA00968706 /* Info.plist */ = {isa = PBXFileReference; lastKnownFileType = text.plist.xml; path = Info.plist; sourceTree = "<group>"; };
		1A402EE4249E8DC100968706 /* TodoList.swift */ = {isa = PBXFileReference; lastKnownFileType = sourcecode.swift; path = TodoList.swift; sourceTree = "<group>"; };
/* End PBXFileReference section */

/* Begin PBXFrameworksBuildPhase section */
		1A402EC7249E88A800968706 /* Frameworks */ = {
			isa = PBXFrameworksBuildPhase;
			buildActionMask = 2147483647;
			files = (
			);
			runOnlyForDeploymentPostprocessing = 0;
		};
/* End PBXFrameworksBuildPhase section */

/* Begin PBXGroup section */
		1A339F14249F94E200E44893 /* Screenshots */ = {
			isa = PBXGroup;
			children = (
				1A339F15249F94EC00E44893 /* Simulator Screen Shot - iPhone 11 Pro Max - 2020-06-21 at 06.18.13.png */,
			);
			path = Screenshots;
			sourceTree = "<group>";
		};
		1A402EC1249E88A800968706 = {
			isa = PBXGroup;
			children = (
				1A402ECC249E88A800968706 /* todo */,
				1A402ECB249E88A800968706 /* Products */,
			);
			sourceTree = "<group>";
		};
		1A402ECB249E88A800968706 /* Products */ = {
			isa = PBXGroup;
			children = (
				1A402ECA249E88A800968706 /* todo.app */,
			);
			name = Products;
			sourceTree = "<group>";
		};
		1A402ECC249E88A800968706 /* todo */ = {
			isa = PBXGroup;
			children = (
				1A339F14249F94E200E44893 /* Screenshots */,
				1A402ECD249E88A800968706 /* AppDelegate.swift */,
				1A402ECF249E88A800968706 /* SceneDelegate.swift */,
				1A402ED1249E88A800968706 /* ViewController.swift */,
				1A199DE1249E913F00D56F5C /* TodoCell.swift */,
				1A402EE4249E8DC100968706 /* TodoList.swift */,
				1A199DE5249EBFB500D56F5C /* TodoData.swift */,
				1A402ED3249E88A800968706 /* Main.storyboard */,
				1A402ED9249E88AA00968706 /* Assets.xcassets */,
				1A402EDB249E88AA00968706 /* LaunchScreen.storyboard */,
				1A402EDE249E88AA00968706 /* Info.plist */,
				1A402ED6249E88A800968706 /* todo.xcdatamodeld */,
			);
			path = todo;
			sourceTree = "<group>";
		};
/* End PBXGroup section */

/* Begin PBXNativeTarget section */
		1A402EC9249E88A800968706 /* todo */ = {
			isa = PBXNativeTarget;
			buildConfigurationList = 1A402EE1249E88AA00968706 /* Build configuration list for PBXNativeTarget "todo" */;
			buildPhases = (
				1A402EC6249E88A800968706 /* Sources */,
				1A402EC7249E88A800968706 /* Frameworks */,
				1A402EC8249E88A800968706 /* Resources */,
			);
			buildRules = (
			);
			dependencies = (
			);
			name = todo;
			productName = todo;
			productReference = 1A402ECA249E88A800968706 /* todo.app */;
			productType = "com.apple.product-type.application";
		};
/* End PBXNativeTarget section */

/* Begin PBXProject section */
		1A402EC2249E88A800968706 /* Project object */ = {
			isa = PBXProject;
			attributes = {
				LastSwiftUpdateCheck = 1140;
				LastUpgradeCheck = 1140;
				ORGANIZATIONNAME = Hendawi;
				TargetAttributes = {
					1A402EC9249E88A800968706 = {
						CreatedOnToolsVersion = 11.4.1;
					};
				};
			};
			buildConfigurationList = 1A402EC5249E88A800968706 /* Build configuration list for PBXProject "todo" */;
			compatibilityVersion = "Xcode 9.3";
			developmentRegion = en;
			hasScannedForEncodings = 0;
			knownRegions = (
				en,
				Base,
			);
			mainGroup = 1A402EC1249E88A800968706;
			productRefGroup = 1A402ECB249E88A800968706 /* Products */;
			projectDirPath = "";
			projectRoot = "";
			targets = (
				1A402EC9249E88A800968706 /* todo */,
			);
		};
/* End PBXProject section */

/* Begin PBXResourcesBuildPhase section */
		1A402EC8249E88A800968706 /* Resources */ = {
			isa = PBXResourcesBuildPhase;
			buildActionMask = 2147483647;
			files = (
				1A339F16249F94EC00E44893 /* Simulator Screen Shot - iPhone 11 Pro Max - 2020-06-21 at 06.18.13.png in Resources */,
				1A402EDD249E88AA00968706 /* LaunchScreen.storyboard in Resources */,
				1A402EDA249E88AA00968706 /* Assets.xcassets in Resources */,
				1A402ED5249E88A800968706 /* Main.storyboard in Resources */,
			);
			runOnlyForDeploymentPostprocessing = 0;
		};
/* End PBXResourcesBuildPhase section */

/* Begin PBXSourcesBuildPhase section */
		1A402EC6249E88A800968706 /* Sources */ = {
			isa = PBXSourcesBuildPhase;
			buildActionMask = 2147483647;
			files = (
				1A402EE5249E8DC100968706 /* TodoList.swift in Sources */,
				1A199DE2249E913F00D56F5C /* TodoCell.swift in Sources */,
				1A402ED2249E88A800968706 /* ViewController.swift in Sources */,
				1A402ECE249E88A800968706 /* AppDelegate.swift in Sources */,
				1A402ED0249E88A800968706 /* SceneDelegate.swift in Sources */,
				1A199DE6249EBFB500D56F5C /* TodoData.swift in Sources */,
				1A402ED8249E88A800968706 /* todo.xcdatamodeld in Sources */,
			);
			runOnlyForDeploymentPostprocessing = 0;
		};
/* End PBXSourcesBuildPhase section */

/* Begin PBXVariantGroup section */
		1A402ED3249E88A800968706 /* Main.storyboard */ = {
			isa = PBXVariantGroup;
			children = (
				1A402ED4249E88A800968706 /* Base */,
			);
			name = Main.storyboard;
			sourceTree = "<group>";
		};
		1A402EDB249E88AA00968706 /* LaunchScreen.storyboard */ = {
			isa = PBXVariantGroup;
			children = (
				1A402EDC249E88AA00968706 /* Base */,
			);
			name = LaunchScreen.storyboard;
			sourceTree = "<group>";
		};
/* End PBXVariantGroup section */

/* Begin XCBuildConfiguration section */
		1A402EDF249E88AA00968706 /* Debug */ = {
			isa = XCBuildConfiguration;
			buildSettings = {
				ALWAYS_SEARCH_USER_PATHS = NO;
				CLANG_ANALYZER_NONNULL = YES;
				CLANG_ANALYZER_NUMBER_OBJECT_CONVERSION = YES_AGGRESSIVE;
				CLANG_CXX_LANGUAGE_STANDARD = "gnu++14";
				CLANG_CXX_LIBRARY = "libc++";
				CLANG_ENABLE_MODULES = YES;
				CLANG_ENABLE_OBJC_ARC = YES;
				CLANG_ENABLE_OBJC_WEAK = YES;
				CLANG_WARN_BLOCK_CAPTURE_AUTORELEASING = YES;
				CLANG_WARN_BOOL_CONVERSION = YES;
				CLANG_WARN_COMMA = YES;
				CLANG_WARN_CONSTANT_CONVERSION = YES;
				CLANG_WARN_DEPRECATED_OBJC_IMPLEMENTATIONS = YES;
				CLANG_WARN_DIRECT_OBJC_ISA_USAGE = YES_ERROR;
				CLANG_WARN_DOCUMENTATION_COMMENTS = YES;
				CLANG_WARN_EMPTY_BODY = YES;
				CLANG_WARN_ENUM_CONVERSION = YES;
				CLANG_WARN_INFINITE_RECURSION = YES;
				CLANG_WARN_INT_CONVERSION = YES;
				CLANG_WARN_NON_LITERAL_NULL_CONVERSION = YES;
				CLANG_WARN_OBJC_IMPLICIT_RETAIN_SELF = YES;
				CLANG_WARN_OBJC_LITERAL_CONVERSION = YES;
				CLANG_WARN_OBJC_ROOT_CLASS = YES_ERROR;
				CLANG_WARN_RANGE_LOOP_ANALYSIS = YES;
				CLANG_WARN_STRICT_PROTOTYPES = YES;
				CLANG_WARN_SUSPICIOUS_MOVE = YES;
				CLANG_WARN_UNGUARDED_AVAILABILITY = YES_AGGRESSIVE;
				CLANG_WARN_UNREACHABLE_CODE = YES;
				CLANG_WARN__DUPLICATE_METHOD_MATCH = YES;
				COPY_PHASE_STRIP = NO;
				DEBUG_INFORMATION_FORMAT = dwarf;
				ENABLE_STRICT_OBJC_MSGSEND = YES;
				ENABLE_TESTABILITY = YES;
				GCC_C_LANGUAGE_STANDARD = gnu11;
				GCC_DYNAMIC_NO_PIC = NO;
				GCC_NO_COMMON_BLOCKS = YES;
				GCC_OPTIMIZATION_LEVEL = 0;
				GCC_PREPROCESSOR_DEFINITIONS = (
					"DEBUG=1",
					"$(inherited)",
				);
				GCC_WARN_64_TO_32_BIT_CONVERSION = YES;
				GCC_WARN_ABOUT_RETURN_TYPE = YES_ERROR;
				GCC_WARN_UNDECLARED_SELECTOR = YES;
				GCC_WARN_UNINITIALIZED_AUTOS = YES_AGGRESSIVE;
				GCC_WARN_UNUSED_FUNCTION = YES;
				GCC_WARN_UNUSED_VARIABLE = YES;
				IPHONEOS_DEPLOYMENT_TARGET = 9.0;
				MTL_ENABLE_DEBUG_INFO = INCLUDE_SOURCE;
				MTL_FAST_MATH = YES;
				ONLY_ACTIVE_ARCH = YES;
				SDKROOT = iphoneos;
				SWIFT_ACTIVE_COMPILATION_CONDITIONS = DEBUG;
				SWIFT_OPTIMIZATION_LEVEL = "-Onone";
			};
			name = Debug;
		};
		1A402EE0249E88AA00968706 /* Release */ = {
			isa = XCBuildConfiguration;
			buildSettings = {
				ALWAYS_SEARCH_USER_PATHS = NO;
				CLANG_ANALYZER_NONNULL = YES;
				CLANG_ANALYZER_NUMBER_OBJECT_CONVERSION = YES_AGGRESSIVE;
				CLANG_CXX_LANGUAGE_STANDARD = "gnu++14";
				CLANG_CXX_LIBRARY = "libc++";
				CLANG_ENABLE_MODULES = YES;
				CLANG_ENABLE_OBJC_ARC = YES;
				CLANG_ENABLE_OBJC_WEAK = YES;
				CLANG_WARN_BLOCK_CAPTURE_AUTORELEASING = YES;
				CLANG_WARN_BOOL_CONVERSION = YES;
				CLANG_WARN_COMMA = YES;
				CLANG_WARN_CONSTANT_CONVERSION = YES;
				CLANG_WARN_DEPRECATED_OBJC_IMPLEMENTATIONS = YES;
				CLANG_WARN_DIRECT_OBJC_ISA_USAGE = YES_ERROR;
				CLANG_WARN_DOCUMENTATION_COMMENTS = YES;
				CLANG_WARN_EMPTY_BODY = YES;
				CLANG_WARN_ENUM_CONVERSION = YES;
				CLANG_WARN_INFINITE_RECURSION = YES;
				CLANG_WARN_INT_CONVERSION = YES;
				CLANG_WARN_NON_LITERAL_NULL_CONVERSION = YES;
				CLANG_WARN_OBJC_IMPLICIT_RETAIN_SELF = YES;
				CLANG_WARN_OBJC_LITERAL_CONVERSION = YES;
				CLANG_WARN_OBJC_ROOT_CLASS = YES_ERROR;
				CLANG_WARN_RANGE_LOOP_ANALYSIS = YES;
				CLANG_WARN_STRICT_PROTOTYPES = YES;
				CLANG_WARN_SUSPICIOUS_MOVE = YES;
				CLANG_WARN_UNGUARDED_AVAILABILITY = YES_AGGRESSIVE;
				CLANG_WARN_UNREACHABLE_CODE = YES;
				CLANG_WARN__DUPLICATE_METHOD_MATCH = YES;
				COPY_PHASE_STRIP = NO;
				DEBUG_INFORMATION_FORMAT = "dwarf-with-dsym";
				ENABLE_NS_ASSERTIONS = NO;
				ENABLE_STRICT_OBJC_MSGSEND = YES;
				GCC_C_LANGUAGE_STANDARD = gnu11;
				GCC_NO_COMMON_BLOCKS = YES;
				GCC_WARN_64_TO_32_BIT_CONVERSION = YES;
				GCC_WARN_ABOUT_RETURN_TYPE = YES_ERROR;
				GCC_WARN_UNDECLARED_SELECTOR = YES;
				GCC_WARN_UNINITIALIZED_AUTOS = YES_AGGRESSIVE;
				GCC_WARN_UNUSED_FUNCTION = YES;
				GCC_WARN_UNUSED_VARIABLE = YES;
				IPHONEOS_DEPLOYMENT_TARGET = 9.0;
				MTL_ENABLE_DEBUG_INFO = NO;
				MTL_FAST_MATH = YES;
				SDKROOT = iphoneos;
				SWIFT_COMPILATION_MODE = wholemodule;
				SWIFT_OPTIMIZATION_LEVEL = "-O";
				VALIDATE_PRODUCT = YES;
			};
			name = Release;
		};
		1A402EE2249E88AA00968706 /* Debug */ = {
			isa = XCBuildConfiguration;
			buildSettings = {
				ASSETCATALOG_COMPILER_APPICON_NAME = AppIcon;
				CODE_SIGN_STYLE = Automatic;
				DEVELOPMENT_TEAM = 8L5UY227ZD;
				INFOPLIST_FILE = todo/Info.plist;
				LD_RUNPATH_SEARCH_PATHS = (
					"$(inherited)",
					"@executable_path/Frameworks",
				);
				PRODUCT_BUNDLE_IDENTIFIER = Hendawi.todo;
				PRODUCT_NAME = "$(TARGET_NAME)";
				SWIFT_VERSION = 5.0;
				TARGETED_DEVICE_FAMILY = "1,2";
			};
			name = Debug;
		};
		1A402EE3249E88AA00968706 /* Release */ = {
			isa = XCBuildConfiguration;
			buildSettings = {
				ASSETCATALOG_COMPILER_APPICON_NAME = AppIcon;
				CODE_SIGN_STYLE = Automatic;
				DEVELOPMENT_TEAM = 8L5UY227ZD;
				INFOPLIST_FILE = todo/Info.plist;
				LD_RUNPATH_SEARCH_PATHS = (
					"$(inherited)",
					"@executable_path/Frameworks",
				);
				PRODUCT_BUNDLE_IDENTIFIER = Hendawi.todo;
				PRODUCT_NAME = "$(TARGET_NAME)";
				SWIFT_VERSION = 5.0;
				TARGETED_DEVICE_FAMILY = "1,2";
			};
			name = Release;
		};
/* End XCBuildConfiguration section */

/* Begin XCConfigurationList section */
		1A402EC5249E88A800968706 /* Build configuration list for PBXProject "todo" */ = {
			isa = XCConfigurationList;
			buildConfigurations = (
				1A402EDF249E88AA00968706 /* Debug */,
				1A402EE0249E88AA00968706 /* Release */,
			);
			defaultConfigurationIsVisible = 0;
			defaultConfigurationName = Release;
		};
		1A402EE1249E88AA00968706 /* Build configuration list for PBXNativeTarget "todo" */ = {
			isa = XCConfigurationList;
			buildConfigurations = (
				1A402EE2249E88AA00968706 /* Debug */,
				1A402EE3249E88AA00968706 /* Release */,
			);
			defaultConfigurationIsVisible = 0;
			defaultConfigurationName = Release;
		};
/* End XCConfigurationList section */

/* Begin XCVersionGroup section */
		1A402ED6249E88A800968706 /* todo.xcdatamodeld */ = {
			isa = XCVersionGroup;
			children = (
				1A402ED7249E88A800968706 /* todo.xcdatamodel */,
			);
			currentVersion = 1A402ED7249E88A800968706 /* todo.xcdatamodel */;
			path = todo.xcdatamodeld;
			sourceTree = "<group>";
			versionGroupType = wrapper.xcdatamodel;
		};
/* End XCVersionGroup section */
	};
	rootObject = 1A402EC2249E88A800968706 /* Project object */;
}
